
Microsoft Visual Studio Solution File, Format Version 12.00
# Visual Studio Version 17
VisualStudioVersion = 17.0.31903.59
MinimumVisualStudioVersion = 10.0.40219.1
Project("{2150E333-8FDC-42A3-9474-1A3956D46DE8}") = "src", "src", "{827E0CD3-B72D-47B6-A68D-7590B98EB39B}"
EndProject
Project("{FAE04EC0-301F-11D3-BF4B-00C04F79EFBC}") = "ApiGateway", "src\ApiGateway\ApiGateway.csproj", "{DCFFC1FB-7E4C-4BB1-A09A-83625395D742}"
EndProject
Project("{FAE04EC0-301F-11D3-BF4B-00C04F79EFBC}") = "UserService", "src\UserService\UserService.csproj", "{699E53DF-97D4-4D79-8560-9C9B1EDC3BCC}"
EndProject
Project("{FAE04EC0-301F-11D3-BF4B-00C04F79EFBC}") = "TrainService", "src\TrainService\TrainService.csproj", "{D2B82D9F-9E1D-46BE-8ABE-BAF79B01409E}"
EndProject
Project("{FAE04EC0-301F-11D3-BF4B-00C04F79EFBC}") = "ReservationService", "src\ReservationService\ReservationService.csproj", "{99FE4148-9F98-4CAD-BC84-D7169AAB3241}"
EndProject
Project("{FAE04EC0-301F-11D3-BF4B-00C04F79EFBC}") = "PaymentService", "src\PaymentService\PaymentService.csproj", "{8FC98B89-FC59-4DE3-9E59-985E33F5BA4F}"
EndProject
Project("{FAE04EC0-301F-11D3-BF4B-00C04F79EFBC}") = "MailService", "src\MailService\MailService.csproj", "{4A3017C0-AC40-4C51-A76D-D8F5C6951665}"
EndProject
Project("{FAE04EC0-301F-11D3-BF4B-00C04F79EFBC}") = "DummyRazorpayGateway", "src\DummyRazorpayGateway\DummyRazorpayGateway.csproj", "{B8DF2596-818F-421B-A760-74B535AD60E8}"
EndProject
Project("{2150E333-8FDC-42A3-9474-1A3956D46DE8}") = "tests", "tests", "{0AB3BF05-4346-4AA6-1389-037BE0695223}"
EndProject
Project("{FAE04EC0-301F-11D3-BF4B-00C04F79EFBC}") = "UserService.Tests", "tests\UserService.Tests\UserService.Tests.csproj", "{EA52EAB6-9D78-438C-B8E7-BD7826E9C32D}"
EndProject
Project("{FAE04EC0-301F-11D3-BF4B-00C04F79EFBC}") = "TrainService.Tests", "tests\TrainService.Tests\TrainService.Tests.csproj", "{68BD2B53-5F01-4113-9BF1-3CFD3328B374}"
EndProject
Project("{FAE04EC0-301F-11D3-BF4B-00C04F79EFBC}") = "ReservationService.Tests", "tests\ReservationService.Tests\ReservationService.Tests.csproj", "{63F314D4-09D4-4A3D-8199-B581C5F9874A}"
EndProject
Project("{FAE04EC0-301F-11D3-BF4B-00C04F79EFBC}") = "PaymentService.Tests", "tests\PaymentService.Tests\PaymentService.Tests.csproj", "{F0F7CB8C-E26F-4777-865F-26DF898554EE}"
EndProject
Project("{FAE04EC0-301F-11D3-BF4B-00C04F79EFBC}") = "MailService.Tests", "tests\MailService.Tests\MailService.Tests.csproj", "{7D2DBF76-DFD6-47E7-905B-A373CA09F212}"
EndProject
Project("{2150E333-8FDC-42A3-9474-1A3956D46DE8}") = "scripts", "scripts", "{C4AD9936-F0DF-1090-6077-3D4A6324E662}"
EndProject
Project("{FAE04EC0-301F-11D3-BF4B-00C04F79EFBC}") = "ProvisionAdministrator", "scripts\ProvisionAdministrator\ProvisionAdministrator.csproj", "{4614C8A1-A01C-4641-A3CE-615651A75F7D}"
EndProject
Global
	GlobalSection(SolutionConfigurationPlatforms) = preSolution
		Debug|Any CPU = Debug|Any CPU
		Debug|x64 = Debug|x64
		Debug|x86 = Debug|x86
		Release|Any CPU = Release|Any CPU
		Release|x64 = Release|x64
		Release|x86 = Release|x86
	EndGlobalSection
	GlobalSection(ProjectConfigurationPlatforms) = postSolution
		{DCFFC1FB-7E4C-4BB1-A09A-83625395D742}.Debug|Any CPU.ActiveCfg = Debug|Any CPU
		{DCFFC1FB-7E4C-4BB1-A09A-83625395D742}.Debug|Any CPU.Build.0 = Debug|Any CPU
		{DCFFC1FB-7E4C-4BB1-A09A-83625395D742}.Debug|x64.ActiveCfg = Debug|Any CPU
		{DCFFC1FB-7E4C-4BB1-A09A-83625395D742}.Debug|x64.Build.0 = Debug|Any CPU
		{DCFFC1FB-7E4C-4BB1-A09A-83625395D742}.Debug|x86.ActiveCfg = Debug|Any CPU
		{DCFFC1FB-7E4C-4BB1-A09A-83625395D742}.Debug|x86.Build.0 = Debug|Any CPU
		{DCFFC1FB-7E4C-4BB1-A09A-83625395D742}.Release|Any CPU.ActiveCfg = Release|Any CPU
		{DCFFC1FB-7E4C-4BB1-A09A-83625395D742}.Release|Any CPU.Build.0 = Release|Any CPU
		{DCFFC1FB-7E4C-4BB1-A09A-83625395D742}.Release|x64.ActiveCfg = Release|Any CPU
		{DCFFC1FB-7E4C-4BB1-A09A-83625395D742}.Release|x64.Build.0 = Release|Any CPU
		{DCFFC1FB-7E4C-4BB1-A09A-83625395D742}.Release|x86.ActiveCfg = Release|Any CPU
		{DCFFC1FB-7E4C-4BB1-A09A-83625395D742}.Release|x86.Build.0 = Release|Any CPU
		{699E53DF-97D4-4D79-8560-9C9B1EDC3BCC}.Debug|Any CPU.ActiveCfg = Debug|Any CPU
		{699E53DF-97D4-4D79-8560-9C9B1EDC3BCC}.Debug|Any CPU.Build.0 = Debug|Any CPU
		{699E53DF-97D4-4D79-8560-9C9B1EDC3BCC}.Debug|x64.ActiveCfg = Debug|Any CPU
		{699E53DF-97D4-4D79-8560-9C9B1EDC3BCC}.Debug|x64.Build.0 = Debug|Any CPU
		{699E53DF-97D4-4D79-8560-9C9B1EDC3BCC}.Debug|x86.ActiveCfg = Debug|Any CPU
		{699E53DF-97D4-4D79-8560-9C9B1EDC3BCC}.Debug|x86.Build.0 = Debug|Any CPU
		{699E53DF-97D4-4D79-8560-9C9B1EDC3BCC}.Release|Any CPU.ActiveCfg = Release|Any CPU
		{699E53DF-97D4-4D79-8560-9C9B1EDC3BCC}.Release|Any CPU.Build.0 = Release|Any CPU
		{699E53DF-97D4-4D79-8560-9C9B1EDC3BCC}.Release|x64.ActiveCfg = Release|Any CPU
		{699E53DF-97D4-4D79-8560-9C9B1EDC3BCC}.Release|x64.Build.0 = Release|Any CPU
		{699E53DF-97D4-4D79-8560-9C9B1EDC3BCC}.Release|x86.ActiveCfg = Release|Any CPU
		{699E53DF-97D4-4D79-8560-9C9B1EDC3BCC}.Release|x86.Build.0 = Release|Any CPU
		{D2B82D9F-9E1D-46BE-8ABE-BAF79B01409E}.Debug|Any CPU.ActiveCfg = Debug|Any CPU
		{D2B82D9F-9E1D-46BE-8ABE-BAF79B01409E}.Debug|Any CPU.Build.0 = Debug|Any CPU
		{D2B82D9F-9E1D-46BE-8ABE-BAF79B01409E}.Debug|x64.ActiveCfg = Debug|Any CPU
		{D2B82D9F-9E1D-46BE-8ABE-BAF79B01409E}.Debug|x64.Build.0 = Debug|Any CPU
		{D2B82D9F-9E1D-46BE-8ABE-BAF79B01409E}.Debug|x86.ActiveCfg = Debug|Any CPU
		{D2B82D9F-9E1D-46BE-8ABE-BAF79B01409E}.Debug|x86.Build.0 = Debug|Any CPU
		{D2B82D9F-9E1D-46BE-8ABE-BAF79B01409E}.Release|Any CPU.ActiveCfg = Release|Any CPU
		{D2B82D9F-9E1D-46BE-8ABE-BAF79B01409E}.Release|Any CPU.Build.0 = Release|Any CPU
		{D2B82D9F-9E1D-46BE-8ABE-BAF79B01409E}.Release|x64.ActiveCfg = Release|Any CPU
		{D2B82D9F-9E1D-46BE-8ABE-BAF79B01409E}.Release|x64.Build.0 = Release|Any CPU
		{D2B82D9F-9E1D-46BE-8ABE-BAF79B01409E}.Release|x86.ActiveCfg = Release|Any CPU
		{D2B82D9F-9E1D-46BE-8ABE-BAF79B01409E}.Release|x86.Build.0 = Release|Any CPU
		{99FE4148-9F98-4CAD-BC84-D7169AAB3241}.Debug|Any CPU.ActiveCfg = Debug|Any CPU
		{99FE4148-9F98-4CAD-BC84-D7169AAB3241}.Debug|Any CPU.Build.0 = Debug|Any CPU
		{99FE4148-9F98-4CAD-BC84-D7169AAB3241}.Debug|x64.ActiveCfg = Debug|Any CPU
		{99FE4148-9F98-4CAD-BC84-D7169AAB3241}.Debug|x64.Build.0 = Debug|Any CPU
		{99FE4148-9F98-4CAD-BC84-D7169AAB3241}.Debug|x86.ActiveCfg = Debug|Any CPU
		{99FE4148-9F98-4CAD-BC84-D7169AAB3241}.Debug|x86.Build.0 = Debug|Any CPU
		{99FE4148-9F98-4CAD-BC84-D7169AAB3241}.Release|Any CPU.ActiveCfg = Release|Any CPU
		{99FE4148-9F98-4CAD-BC84-D7169AAB3241}.Release|Any CPU.Build.0 = Release|Any CPU
		{99FE4148-9F98-4CAD-BC84-D7169AAB3241}.Release|x64.ActiveCfg = Release|Any CPU
		{99FE4148-9F98-4CAD-BC84-D7169AAB3241}.Release|x64.Build.0 = Release|Any CPU
		{99FE4148-9F98-4CAD-BC84-D7169AAB3241}.Release|x86.ActiveCfg = Release|Any CPU
		{99FE4148-9F98-4CAD-BC84-D7169AAB3241}.Release|x86.Build.0 = Release|Any CPU
		{8FC98B89-FC59-4DE3-9E59-985E33F5BA4F}.Debug|Any CPU.ActiveCfg = Debug|Any CPU
		{8FC98B89-FC59-4DE3-9E59-985E33F5BA4F}.Debug|Any CPU.Build.0 = Debug|Any CPU
		{8FC98B89-FC59-4DE3-9E59-985E33F5BA4F}.Debug|x64.ActiveCfg = Debug|Any CPU
		{8FC98B89-FC59-4DE3-9E59-985E33F5BA4F}.Debug|x64.Build.0 = Debug|Any CPU
		{8FC98B89-FC59-4DE3-9E59-985E33F5BA4F}.Debug|x86.ActiveCfg = Debug|Any CPU
		{8FC98B89-FC59-4DE3-9E59-985E33F5BA4F}.Debug|x86.Build.0 = Debug|Any CPU
		{8FC98B89-FC59-4DE3-9E59-985E33F5BA4F}.Release|Any CPU.ActiveCfg = Release|Any CPU
		{8FC98B89-FC59-4DE3-9E59-985E33F5BA4F}.Release|Any CPU.Build.0 = Release|Any CPU
		{8FC98B89-FC59-4DE3-9E59-985E33F5BA4F}.Release|x64.ActiveCfg = Release|Any CPU
		{8FC98B89-FC59-4DE3-9E59-985E33F5BA4F}.Release|x64.Build.0 = Release|Any CPU
		{8FC98B89-FC59-4DE3-9E59-985E33F5BA4F}.Release|x86.ActiveCfg = Release|Any CPU
		{8FC98B89-FC59-4DE3-9E59-985E33F5BA4F}.Release|x86.Build.0 = Release|Any CPU
		{4A3017C0-AC40-4C51-A76D-D8F5C6951665}.Debug|Any CPU.ActiveCfg = Debug|Any CPU
		{4A3017C0-AC40-4C51-A76D-D8F5C6951665}.Debug|Any CPU.Build.0 = Debug|Any CPU
		{4A3017C0-AC40-4C51-A76D-D8F5C6951665}.Debug|x64.ActiveCfg = Debug|Any CPU
		{4A3017C0-AC40-4C51-A76D-D8F5C6951665}.Debug|x64.Build.0 = Debug|Any CPU
		{4A3017C0-AC40-4C51-A76D-D8F5C6951665}.Debug|x86.ActiveCfg = Debug|Any CPU
		{4A3017C0-AC40-4C51-A76D-D8F5C6951665}.Debug|x86.Build.0 = Debug|Any CPU
		{4A3017C0-AC40-4C51-A76D-D8F5C6951665}.Release|Any CPU.ActiveCfg = Release|Any CPU
		{4A3017C0-AC40-4C51-A76D-D8F5C6951665}.Release|Any CPU.Build.0 = Release|Any CPU
		{4A3017C0-AC40-4C51-A76D-D8F5C6951665}.Release|x64.ActiveCfg = Release|Any CPU
		{4A3017C0-AC40-4C51-A76D-D8F5C6951665}.Release|x64.Build.0 = Release|Any CPU
		{4A3017C0-AC40-4C51-A76D-D8F5C6951665}.Release|x86.ActiveCfg = Release|Any CPU
		{4A3017C0-AC40-4C51-A76D-D8F5C6951665}.Release|x86.Build.0 = Release|Any CPU
		{B8DF2596-818F-421B-A760-74B535AD60E8}.Debug|Any CPU.ActiveCfg = Debug|Any CPU
		{B8DF2596-818F-421B-A760-74B535AD60E8}.Debug|Any CPU.Build.0 = Debug|Any CPU
		{B8DF2596-818F-421B-A760-74B535AD60E8}.Debug|x64.ActiveCfg = Debug|Any CPU
		{B8DF2596-818F-421B-A760-74B535AD60E8}.Debug|x64.Build.0 = Debug|Any CPU
		{B8DF2596-818F-421B-A760-74B535AD60E8}.Debug|x86.ActiveCfg = Debug|Any CPU
		{B8DF2596-818F-421B-A760-74B535AD60E8}.Debug|x86.Build.0 = Debug|Any CPU
		{B8DF2596-818F-421B-A760-74B535AD60E8}.Release|Any CPU.ActiveCfg = Release|Any CPU
		{B8DF2596-818F-421B-A760-74B535AD60E8}.Release|Any CPU.Build.0 = Release|Any CPU
		{B8DF2596-818F-421B-A760-74B535AD60E8}.Release|x64.ActiveCfg = Release|Any CPU
		{B8DF2596-818F-421B-A760-74B535AD60E8}.Release|x64.Build.0 = Release|Any CPU
		{B8DF2596-818F-421B-A760-74B535AD60E8}.Release|x86.ActiveCfg = Release|Any CPU
		{B8DF2596-818F-421B-A760-74B535AD60E8}.Release|x86.Build.0 = Release|Any CPU
		{EA52EAB6-9D78-438C-B8E7-BD7826E9C32D}.Debug|Any CPU.ActiveCfg = Debug|Any CPU
		{EA52EAB6-9D78-438C-B8E7-BD7826E9C32D}.Debug|Any CPU.Build.0 = Debug|Any CPU
		{EA52EAB6-9D78-438C-B8E7-BD7826E9C32D}.Debug|x64.ActiveCfg = Debug|Any CPU
		{EA52EAB6-9D78-438C-B8E7-BD7826E9C32D}.Debug|x64.Build.0 = Debug|Any CPU
		{EA52EAB6-9D78-438C-B8E7-BD7826E9C32D}.Debug|x86.ActiveCfg = Debug|Any CPU
		{EA52EAB6-9D78-438C-B8E7-BD7826E9C32D}.Debug|x86.Build.0 = Debug|Any CPU
		{EA52EAB6-9D78-438C-B8E7-BD7826E9C32D}.Release|Any CPU.ActiveCfg = Release|Any CPU
		{EA52EAB6-9D78-438C-B8E7-BD7826E9C32D}.Release|Any CPU.Build.0 = Release|Any CPU
		{EA52EAB6-9D78-438C-B8E7-BD7826E9C32D}.Release|x64.ActiveCfg = Release|Any CPU
		{EA52EAB6-9D78-438C-B8E7-BD7826E9C32D}.Release|x64.Build.0 = Release|Any CPU
		{EA52EAB6-9D78-438C-B8E7-BD7826E9C32D}.Release|x86.ActiveCfg = Release|Any CPU
		{EA52EAB6-9D78-438C-B8E7-BD7826E9C32D}.Release|x86.Build.0 = Release|Any CPU
		{68BD2B53-5F01-4113-9BF1-3CFD3328B374}.Debug|Any CPU.ActiveCfg = Debug|Any CPU
		{68BD2B53-5F01-4113-9BF1-3CFD3328B374}.Debug|Any CPU.Build.0 = Debug|Any CPU
		{68BD2B53-5F01-4113-9BF1-3CFD3328B374}.Debug|x64.ActiveCfg = Debug|Any CPU
		{68BD2B53-5F01-4113-9BF1-3CFD3328B374}.Debug|x64.Build.0 = Debug|Any CPU
		{68BD2B53-5F01-4113-9BF1-3CFD3328B374}.Debug|x86.ActiveCfg = Debug|Any CPU
		{68BD2B53-5F01-4113-9BF1-3CFD3328B374}.Debug|x86.Build.0 = Debug|Any CPU
		{68BD2B53-5F01-4113-9BF1-3CFD3328B374}.Release|Any CPU.ActiveCfg = Release|Any CPU
		{68BD2B53-5F01-4113-9BF1-3CFD3328B374}.Release|Any CPU.Build.0 = Release|Any CPU
		{68BD2B53-5F01-4113-9BF1-3CFD3328B374}.Release|x64.ActiveCfg = Release|Any CPU
		{68BD2B53-5F01-4113-9BF1-3CFD3328B374}.Release|x64.Build.0 = Release|Any CPU
		{68BD2B53-5F01-4113-9BF1-3CFD3328B374}.Release|x86.ActiveCfg = Release|Any CPU
		{68BD2B53-5F01-4113-9BF1-3CFD3328B374}.Release|x86.Build.0 = Release|Any CPU
		{63F314D4-09D4-4A3D-8199-B581C5F9874A}.Debug|Any CPU.ActiveCfg = Debug|Any CPU
		{63F314D4-09D4-4A3D-8199-B581C5F9874A}.Debug|Any CPU.Build.0 = Debug|Any CPU
		{63F314D4-09D4-4A3D-8199-B581C5F9874A}.Debug|x64.ActiveCfg = Debug|Any CPU
		{63F314D4-09D4-4A3D-8199-B581C5F9874A}.Debug|x64.Build.0 = Debug|Any CPU
		{63F314D4-09D4-4A3D-8199-B581C5F9874A}.Debug|x86.ActiveCfg = Debug|Any CPU
		{63F314D4-09D4-4A3D-8199-B581C5F9874A}.Debug|x86.Build.0 = Debug|Any CPU
		{63F314D4-09D4-4A3D-8199-B581C5F9874A}.Release|Any CPU.ActiveCfg = Release|Any CPU
		{63F314D4-09D4-4A3D-8199-B581C5F9874A}.Release|Any CPU.Build.0 = Release|Any CPU
		{63F314D4-09D4-4A3D-8199-B581C5F9874A}.Release|x64.ActiveCfg = Release|Any CPU
		{63F314D4-09D4-4A3D-8199-B581C5F9874A}.Release|x64.Build.0 = Release|Any CPU
		{63F314D4-09D4-4A3D-8199-B581C5F9874A}.Release|x86.ActiveCfg = Release|Any CPU
		{63F314D4-09D4-4A3D-8199-B581C5F9874A}.Release|x86.Build.0 = Release|Any CPU
		{F0F7CB8C-E26F-4777-865F-26DF898554EE}.Debug|Any CPU.ActiveCfg = Debug|Any CPU
		{F0F7CB8C-E26F-4777-865F-26DF898554EE}.Debug|Any CPU.Build.0 = Debug|Any CPU
		{F0F7CB8C-E26F-4777-865F-26DF898554EE}.Debug|x64.ActiveCfg = Debug|Any CPU
		{F0F7CB8C-E26F-4777-865F-26DF898554EE}.Debug|x64.Build.0 = Debug|Any CPU
		{F0F7CB8C-E26F-4777-865F-26DF898554EE}.Debug|x86.ActiveCfg = Debug|Any CPU
		{F0F7CB8C-E26F-4777-865F-26DF898554EE}.Debug|x86.Build.0 = Debug|Any CPU
		{F0F7CB8C-E26F-4777-865F-26DF898554EE}.Release|Any CPU.ActiveCfg = Release|Any CPU
		{F0F7CB8C-E26F-4777-865F-26DF898554EE}.Release|Any CPU.Build.0 = Release|Any CPU
		{F0F7CB8C-E26F-4777-865F-26DF898554EE}.Release|x64.ActiveCfg = Release|Any CPU
		{F0F7CB8C-E26F-4777-865F-26DF898554EE}.Release|x64.Build.0 = Release|Any CPU
		{F0F7CB8C-E26F-4777-865F-26DF898554EE}.Release|x86.ActiveCfg = Release|Any CPU
		{F0F7CB8C-E26F-4777-865F-26DF898554EE}.Release|x86.Build.0 = Release|Any CPU
		{7D2DBF76-DFD6-47E7-905B-A373CA09F212}.Debug|Any CPU.ActiveCfg = Debug|Any CPU
		{7D2DBF76-DFD6-47E7-905B-A373CA09F212}.Debug|Any CPU.Build.0 = Debug|Any CPU
		{7D2DBF76-DFD6-47E7-905B-A373CA09F212}.Debug|x64.ActiveCfg = Debug|Any CPU
		{7D2DBF76-DFD6-47E7-905B-A373CA09F212}.Debug|x64.Build.0 = Debug|Any CPU
		{7D2DBF76-DFD6-47E7-905B-A373CA09F212}.Debug|x86.ActiveCfg = Debug|Any CPU
		{7D2DBF76-DFD6-47E7-905B-A373CA09F212}.Debug|x86.Build.0 = Debug|Any CPU
		{7D2DBF76-DFD6-47E7-905B-A373CA09F212}.Release|Any CPU.ActiveCfg = Release|Any CPU
		{7D2DBF76-DFD6-47E7-905B-A373CA09F212}.Release|Any CPU.Build.0 = Release|Any CPU
		{7D2DBF76-DFD6-47E7-905B-A373CA09F212}.Release|x64.ActiveCfg = Release|Any CPU
		{7D2DBF76-DFD6-47E7-905B-A373CA09F212}.Release|x64.Build.0 = Release|Any CPU
		{7D2DBF76-DFD6-47E7-905B-A373CA09F212}.Release|x86.ActiveCfg = Release|Any CPU
		{7D2DBF76-DFD6-47E7-905B-A373CA09F212}.Release|x86.Build.0 = Release|Any CPU
		{4614C8A1-A01C-4641-A3CE-615651A75F7D}.Debug|Any CPU.ActiveCfg = Debug|Any CPU
		{4614C8A1-A01C-4641-A3CE-615651A75F7D}.Debug|Any CPU.Build.0 = Debug|Any CPU
		{4614C8A1-A01C-4641-A3CE-615651A75F7D}.Debug|x64.ActiveCfg = Debug|Any CPU
		{4614C8A1-A01C-4641-A3CE-615651A75F7D}.Debug|x64.Build.0 = Debug|Any CPU
		{4614C8A1-A01C-4641-A3CE-615651A75F7D}.Debug|x86.ActiveCfg = Debug|Any CPU
		{4614C8A1-A01C-4641-A3CE-615651A75F7D}.Debug|x86.Build.0 = Debug|Any CPU
		{4614C8A1-A01C-4641-A3CE-615651A75F7D}.Release|Any CPU.ActiveCfg = Release|Any CPU
		{4614C8A1-A01C-4641-A3CE-615651A75F7D}.Release|Any CPU.Build.0 = Release|Any CPU
		{4614C8A1-A01C-4641-A3CE-615651A75F7D}.Release|x64.ActiveCfg = Release|Any CPU
		{4614C8A1-A01C-4641-A3CE-615651A75F7D}.Release|x64.Build.0 = Release|Any CPU
		{4614C8A1-A01C-4641-A3CE-615651A75F7D}.Release|x86.ActiveCfg = Release|Any CPU
		{4614C8A1-A01C-4641-A3CE-615651A75F7D}.Release|x86.Build.0 = Release|Any CPU
	EndGlobalSection
	GlobalSection(SolutionProperties) = preSolution
		HideSolutionNode = FALSE
	EndGlobalSection
	GlobalSection(NestedProjects) = preSolution
		{DCFFC1FB-7E4C-4BB1-A09A-83625395D742} = {827E0CD3-B72D-47B6-A68D-7590B98EB39B}
		{699E53DF-97D4-4D79-8560-9C9B1EDC3BCC} = {827E0CD3-B72D-47B6-A68D-7590B98EB39B}
		{D2B82D9F-9E1D-46BE-8ABE-BAF79B01409E} = {827E0CD3-B72D-47B6-A68D-7590B98EB39B}
		{99FE4148-9F98-4CAD-BC84-D7169AAB3241} = {827E0CD3-B72D-47B6-A68D-7590B98EB39B}
		{8FC98B89-FC59-4DE3-9E59-985E33F5BA4F} = {827E0CD3-B72D-47B6-A68D-7590B98EB39B}
		{4A3017C0-AC40-4C51-A76D-D8F5C6951665} = {827E0CD3-B72D-47B6-A68D-7590B98EB39B}
		{B8DF2596-818F-421B-A760-74B535AD60E8} = {827E0CD3-B72D-47B6-A68D-7590B98EB39B}
		{EA52EAB6-9D78-438C-B8E7-BD7826E9C32D} = {0AB3BF05-4346-4AA6-1389-037BE0695223}
		{68BD2B53-5F01-4113-9BF1-3CFD3328B374} = {0AB3BF05-4346-4AA6-1389-037BE0695223}
		{63F314D4-09D4-4A3D-8199-B581C5F9874A} = {0AB3BF05-4346-4AA6-1389-037BE0695223}
		{F0F7CB8C-E26F-4777-865F-26DF898554EE} = {0AB3BF05-4346-4AA6-1389-037BE0695223}
		{7D2DBF76-DFD6-47E7-905B-A373CA09F212} = {0AB3BF05-4346-4AA6-1389-037BE0695223}
		{4614C8A1-A01C-4641-A3CE-615651A75F7D} = {C4AD9936-F0DF-1090-6077-3D4A6324E662}
	EndGlobalSection
EndGlobal
